{
  "originHash" : "e8885023d6e0c9dc2241395d26bde957cb02bd530fd0d14b5b3ebf6ee7ac9015",
  "pins" : [
    {
      "identity" : "nuke",
      "kind" : "remoteSourceControl",
      "location" : "https://github.com/kean/Nuke",
      "state" : {
        "revision" : "0ead44350d2737db384908569c012fe67c421e4d",
        "version" : "12.8.0"
      }
    },
    {
      "identity" : "stream-video-swift-webrtc",
      "kind" : "remoteSourceControl",
      "location" : "https://github.com/GetStream/stream-video-swift-webrtc.git",
      "state" : {
        "branch" : "main",
        "revision" : "af8bb8ff4da92953567d777baba55369f998dc01"
      }
    }
  ],
  "version" : 3
}
